
Microsoft Visual Studio Solution File, Format Version 12.00
# Visual Studio Version 16
VisualStudioVersion = 16.0.31515.178
MinimumVisualStudioVersion = 10.0.40219.1
Project("{FAE04EC0-301F-11D3-BF4B-00C04F79EFBC}") = "HW1", "HW1\HW1.csproj", "{803D2D6A-D084-4104-9272-DB9A88D6CB71}"
EndProject
Project("{FAE04EC0-301F-11D3-BF4B-00C04F79EFBC}") = "HW2", "HW2\HW2.csproj", "{B3307F24-7363-4F66-9BA4-288E6F30EA72}"
EndProject
Project("{FAE04EC0-301F-11D3-BF4B-00C04F79EFBC}") = "HW3", "HW3\HW3.csproj", "{D5786DC8-DE46-4607-8247-6B93EF13D62A}"
EndProject
Project("{9A19103F-16F7-4668-BE54-9A1E7A4F7556}") = "SandBox", "SandBox\SandBox.csproj", "{8D51A1F4-0C00-44DF-A470-99076F003796}"
EndProject
Project("{FAE04EC0-301F-11D3-BF4B-00C04F79EFBC}") = "HW4", "HW4\HW4.csproj", "{6672FAB5-91F3-43EA-8561-7652982B78DB}"
EndProject
Project("{FAE04EC0-301F-11D3-BF4B-00C04F79EFBC}") = "HW5 Paint", "HW5 Paint\HW5 Paint.csproj", "{1D40526E-C2D1-4DC3-B705-EFA80EC64A4D}"
EndProject
Project("{FAE04EC0-301F-11D3-BF4B-00C04F79EFBC}") = "WPF_ButtonsHW", "WPF_ButtonsHW\WPF_ButtonsHW.csproj", "{96931C36-2791-4C8D-9331-6FF26247F6F1}"
EndProject
Project("{FAE04EC0-301F-11D3-BF4B-00C04F79EFBC}") = "WFSlideShowHW", "WFSlideShowHW\WFSlideShowHW.csproj", "{53676339-5355-4B72-813A-BC47315DB1D3}"
EndProject
Global
	GlobalSection(SolutionConfigurationPlatforms) = preSolution
		Debug|Any CPU = Debug|Any CPU
		Release|Any CPU = Release|Any CPU
	EndGlobalSection
	GlobalSection(ProjectConfigurationPlatforms) = postSolution
		{803D2D6A-D084-4104-9272-DB9A88D6CB71}.Debug|Any CPU.ActiveCfg = Debug|Any CPU
		{803D2D6A-D084-4104-9272-DB9A88D6CB71}.Debug|Any CPU.Build.0 = Debug|Any CPU
		{803D2D6A-D084-4104-9272-DB9A88D6CB71}.Release|Any CPU.ActiveCfg = Release|Any CPU
		{803D2D6A-D084-4104-9272-DB9A88D6CB71}.Release|Any CPU.Build.0 = Release|Any CPU
		{B3307F24-7363-4F66-9BA4-288E6F30EA72}.Debug|Any CPU.ActiveCfg = Debug|Any CPU
		{B3307F24-7363-4F66-9BA4-288E6F30EA72}.Debug|Any CPU.Build.0 = Debug|Any CPU
		{B3307F24-7363-4F66-9BA4-288E6F30EA72}.Release|Any CPU.ActiveCfg = Release|Any CPU
		{B3307F24-7363-4F66-9BA4-288E6F30EA72}.Release|Any CPU.Build.0 = Release|Any CPU
		{D5786DC8-DE46-4607-8247-6B93EF13D62A}.Debug|Any CPU.ActiveCfg = Debug|Any CPU
		{D5786DC8-DE46-4607-8247-6B93EF13D62A}.Debug|Any CPU.Build.0 = Debug|Any CPU
		{D5786DC8-DE46-4607-8247-6B93EF13D62A}.Release|Any CPU.ActiveCfg = Release|Any CPU
		{D5786DC8-DE46-4607-8247-6B93EF13D62A}.Release|Any CPU.Build.0 = Release|Any CPU
		{8D51A1F4-0C00-44DF-A470-99076F003796}.Debug|Any CPU.ActiveCfg = Debug|Any CPU
		{8D51A1F4-0C00-44DF-A470-99076F003796}.Debug|Any CPU.Build.0 = Debug|Any CPU
		{8D51A1F4-0C00-44DF-A470-99076F003796}.Release|Any CPU.ActiveCfg = Release|Any CPU
		{8D51A1F4-0C00-44DF-A470-99076F003796}.Release|Any CPU.Build.0 = Release|Any CPU
		{6672FAB5-91F3-43EA-8561-7652982B78DB}.Debug|Any CPU.ActiveCfg = Debug|Any CPU
		{6672FAB5-91F3-43EA-8561-7652982B78DB}.Debug|Any CPU.Build.0 = Debug|Any CPU
		{6672FAB5-91F3-43EA-8561-7652982B78DB}.Release|Any CPU.ActiveCfg = Release|Any CPU
		{6672FAB5-91F3-43EA-8561-7652982B78DB}.Release|Any CPU.Build.0 = Release|Any CPU
		{1D40526E-C2D1-4DC3-B705-EFA80EC64A4D}.Debug|Any CPU.ActiveCfg = Debug|Any CPU
		{1D40526E-C2D1-4DC3-B705-EFA80EC64A4D}.Debug|Any CPU.Build.0 = Debug|Any CPU
		{1D40526E-C2D1-4DC3-B705-EFA80EC64A4D}.Release|Any CPU.ActiveCfg = Release|Any CPU
		{1D40526E-C2D1-4DC3-B705-EFA80EC64A4D}.Release|Any CPU.Build.0 = Release|Any CPU
		{96931C36-2791-4C8D-9331-6FF26247F6F1}.Debug|Any CPU.ActiveCfg = Debug|Any CPU
		{96931C36-2791-4C8D-9331-6FF26247F6F1}.Debug|Any CPU.Build.0 = Debug|Any CPU
		{96931C36-2791-4C8D-9331-6FF26247F6F1}.Release|Any CPU.ActiveCfg = Release|Any CPU
		{96931C36-2791-4C8D-9331-6FF26247F6F1}.Release|Any CPU.Build.0 = Release|Any CPU
		{53676339-5355-4B72-813A-BC47315DB1D3}.Debug|Any CPU.ActiveCfg = Debug|Any CPU
		{53676339-5355-4B72-813A-BC47315DB1D3}.Debug|Any CPU.Build.0 = Debug|Any CPU
		{53676339-5355-4B72-813A-BC47315DB1D3}.Release|Any CPU.ActiveCfg = Release|Any CPU
		{53676339-5355-4B72-813A-BC47315DB1D3}.Release|Any CPU.Build.0 = Release|Any CPU
	EndGlobalSection
	GlobalSection(SolutionProperties) = preSolution
		HideSolutionNode = FALSE
	EndGlobalSection
	GlobalSection(ExtensibilityGlobals) = postSolution
		SolutionGuid = {FB95931D-20E4-4424-9E5B-4535BC3D97D5}
	EndGlobalSection
EndGlobal
